schema: '2.0'
stages:
  train:
    cmd: poetry run model-training train --preprocessed-dataset-path a2_RestaurantReviews_Preprocessed.tsv
      --params-path params.yaml
    deps:
    - path: a2_RestaurantReviews_Preprocessed.tsv
      md5: 5fb43a68c3ec5b122224b5fcf73aaada
      size: 31609
    params:
      params.yaml:
        split_random_state: 0
        test_size: 0.2
    outs:
    - path: models
      files:
      - relpath: c1_BoW_Sentiment_Model.pkl
        md5: 4cee9b5cab76267828e0b2fcad8c7124
        size: 39825
        cloud:
          gcp-remla:
            etag: 08c7cdcb99f4aeff021001
            version_id: '1686063553898183'
      - relpath: c2_Classifier_Sentiment_Model
        md5: 2d5a3a7cc92e92406be4edf52dd19be0
        size: 46215
        cloud:
          gcp-remla:
            etag: 08d9eca699f4aeff021001
            version_id: '1686063553295961'
  preprocess:
    cmd: poetry run model-training preprocess-dataset
    deps:
    - path: a1_RestaurantReviews_HistoricDump.tsv
      md5: 102f1f4193e0bdebdd6cce7f13e0a839
      size: 54686
    outs:
    - path: a2_RestaurantReviews_Preprocessed.tsv
      md5: 5fb43a68c3ec5b122224b5fcf73aaada
      size: 31609
      cloud:
        gcp-remla:
          etag: 08f29dbca3adaeff021001
          version_id: '1686044515700466'
  evaluate:
    cmd: poetry run model-training evaluate --params-path params.yaml
    deps:
    - path: models
      md5: 1d73a3cf663b20207600308abfbf1a70.dir
      size: 86040
      nfiles: 2
    params:
      params.yaml:
        split_random_state: 0
        test_size: 0.2
    outs:
    - path: classification_report.json
      md5: 3790aefae122525b61a95930d4d059c6
      size: 612
