schema: '2.0'
stages:
  train:
    cmd: poetry run model-training train --preprocessed-dataset-path a2_RestaurantReviews_Preprocessed.tsv
    deps:
    - path: a2_RestaurantReviews_Preprocessed.tsv
      md5: 5fb43a68c3ec5b122224b5fcf73aaada
      size: 31609
    outs:
    - path: models
      md5: 81e39fe4f06ec829296d89c1a70b6c4f.dir
      size: 86040
      nfiles: 2
  preprocess:
    cmd: poetry run model-training preprocess-dataset
    deps:
    - path: a1_RestaurantReviews_HistoricDump.tsv
      md5: 102f1f4193e0bdebdd6cce7f13e0a839
      size: 54686
    outs:
    - path: a2_RestaurantReviews_Preprocessed.tsv
      md5: 5fb43a68c3ec5b122224b5fcf73aaada
      size: 31609
  evaluate:
    cmd: poetry run model-training evaluate
    deps:
    - path: models
      md5: 81e39fe4f06ec829296d89c1a70b6c4f.dir
      size: 86040
      nfiles: 2
    outs:
    - path: classification_report.json
      md5: e527c39e7bcdc6e91b4ed4df64eec7ad
      size: 520
